
Microsoft Visual Studio Solution File, Format Version 12.00
# Visual Studio Version 16
VisualStudioVersion = 16.0.35826.135
MinimumVisualStudioVersion = 10.0.40219.1
Project("{FAE04EC0-301F-11D3-BF4B-00C04F79EFBC}") = "WindowsFormsApp1", "WindowsFormsApp1\WindowsFormsApp1.csproj", "{4E806F25-7C61-4232-B38D-0C8DDDF47954}"
EndProject
Global
	GlobalSection(SolutionConfigurationPlatforms) = preSolution
		Debug|Any CPU = Debug|Any CPU
		Release|Any CPU = Release|Any CPU
	EndGlobalSection
	GlobalSection(ProjectConfigurationPlatforms) = postSolution
		{4E806F25-7C61-4232-B38D-0C8DDDF47954}.Debug|Any CPU.ActiveCfg = Debug|Any CPU
		{4E806F25-7C61-4232-B38D-0C8DDDF47954}.Debug|Any CPU.Build.0 = Debug|Any CPU
		{4E806F25-7C61-4232-B38D-0C8DDDF47954}.Release|Any CPU.ActiveCfg = Release|Any CPU
		{4E806F25-7C61-4232-B38D-0C8DDDF47954}.Release|Any CPU.Build.0 = Release|Any CPU
	EndGlobalSection
	GlobalSection(SolutionProperties) = preSolution
		HideSolutionNode = FALSE
	EndGlobalSection
	GlobalSection(ExtensibilityGlobals) = postSolution
		SolutionGuid = {9C355C9B-0214-46B1-97E5-340A91DF7689}
	EndGlobalSection
EndGlobal
